// !$*UTF8*$!
{
	archiveVersion = 1;
	classes = {
	};
	objectVersion = 46;
	objects = {

/* Begin PBXBuildFile section */
		24E38301192995BF00C71390 /* Foundation.framework in Frameworks */ = {isa = PBXBuildFile; fileRef = 24E38300192995BF00C71390 /* Foundation.framework */; };
		24E38303192995BF00C71390 /* CoreGraphics.framework in Frameworks */ = {isa = PBXBuildFile; fileRef = 24E38302192995BF00C71390 /* CoreGraphics.framework */; };
		24E38305192995BF00C71390 /* UIKit.framework in Frameworks */ = {isa = PBXBuildFile; fileRef = 24E38304192995BF00C71390 /* UIKit.framework */; };
		24E3830B192995BF00C71390 /* InfoPlist.strings in Resources */ = {isa = PBXBuildFile; fileRef = 24E38309192995BF00C71390 /* InfoPlist.strings */; };
		24E3830D192995BF00C71390 /* main.m in Sources */ = {isa = PBXBuildFile; fileRef = 24E3830C192995BF00C71390 /* main.m */; };
		24E38311192995BF00C71390 /* ALAppDelegate.m in Sources */ = {isa = PBXBuildFile; fileRef = 24E38310192995BF00C71390 /* ALAppDelegate.m */; };
		24E38313192995BF00C71390 /* Images.xcassets in Resources */ = {isa = PBXBuildFile; fileRef = 24E38312192995BF00C71390 /* Images.xcassets */; };
		24E3831A192995BF00C71390 /* XCTest.framework in Frameworks */ = {isa = PBXBuildFile; fileRef = 24E38319192995BF00C71390 /* XCTest.framework */; };
		24E3831B192995BF00C71390 /* Foundation.framework in Frameworks */ = {isa = PBXBuildFile; fileRef = 24E38300192995BF00C71390 /* Foundation.framework */; };
		24E3831C192995BF00C71390 /* UIKit.framework in Frameworks */ = {isa = PBXBuildFile; fileRef = 24E38304192995BF00C71390 /* UIKit.framework */; };
		24E38324192995BF00C71390 /* InfoPlist.strings in Resources */ = {isa = PBXBuildFile; fileRef = 24E38322192995BF00C71390 /* InfoPlist.strings */; };
		24E38326192995BF00C71390 /* CustomCells2Tests.m in Sources */ = {isa = PBXBuildFile; fileRef = 24E38325192995BF00C71390 /* CustomCells2Tests.m */; };
		24E38332192995CF00C71390 /* ALViewController.m in Sources */ = {isa = PBXBuildFile; fileRef = 24E38330192995CF00C71390 /* ALViewController.m */; };
		24E38333192995CF00C71390 /* ALViewController.xib in Resources */ = {isa = PBXBuildFile; fileRef = 24E38331192995CF00C71390 /* ALViewController.xib */; };
		24E383371929988400C71390 /* ALCustomCell.m in Sources */ = {isa = PBXBuildFile; fileRef = 24E383351929988400C71390 /* ALCustomCell.m */; };
		24E383381929988400C71390 /* ALCustomCell.xib in Resources */ = {isa = PBXBuildFile; fileRef = 24E383361929988400C71390 /* ALCustomCell.xib */; };
		24E3833A19299A2900C71390 /* image001.png in Resources */ = {isa = PBXBuildFile; fileRef = 24E3833919299A2900C71390 /* image001.png */; };
		24E5004519299DBD0065BDFA /* corgiIcon.gif in Resources */ = {isa = PBXBuildFile; fileRef = 24E5004419299DBD0065BDFA /* corgiIcon.gif */; };
		24E500471929A23D0065BDFA /* underwaterprincess.png in Resources */ = {isa = PBXBuildFile; fileRef = 24E500461929A23D0065BDFA /* underwaterprincess.png */; };
		24E500491929A4AC0065BDFA /* oval-button_21328847.jpg in Resources */ = {isa = PBXBuildFile; fileRef = 24E500481929A4AC0065BDFA /* oval-button_21328847.jpg */; };
		24E5008F192A7CE80065BDFA /* orangepaw.png in Resources */ = {isa = PBXBuildFile; fileRef = 24E5008E192A7CE80065BDFA /* orangepaw.png */; };
		24E50091192A8C1B0065BDFA /* orangeBar.png in Resources */ = {isa = PBXBuildFile; fileRef = 24E50090192A8C1B0065BDFA /* orangeBar.png */; };
		24E50093192A90620065BDFA /* selectedOrangeBar.png in Resources */ = {isa = PBXBuildFile; fileRef = 24E50092192A90620065BDFA /* selectedOrangeBar.png */; };
/* End PBXBuildFile section */

/* Begin PBXContainerItemProxy section */
		24E3831D192995BF00C71390 /* PBXContainerItemProxy */ = {
			isa = PBXContainerItemProxy;
			containerPortal = 24E382F5192995BF00C71390 /* Project object */;
			proxyType = 1;
			remoteGlobalIDString = 24E382FC192995BF00C71390;
			remoteInfo = CustomCells2;
		};
/* End PBXContainerItemProxy section */

/* Begin PBXFileReference section */
		24E382FD192995BF00C71390 /* CustomCells2.app */ = {isa = PBXFileReference; explicitFileType = wrapper.application; includeInIndex = 0; path = CustomCells2.app; sourceTree = BUILT_PRODUCTS_DIR; };
		24E38300192995BF00C71390 /* Foundation.framework */ = {isa = PBXFileReference; lastKnownFileType = wrapper.framework; name = Foundation.framework; path = System/Library/Frameworks/Foundation.framework; sourceTree = SDKROOT; };
		24E38302192995BF00C71390 /* CoreGraphics.framework */ = {isa = PBXFileReference; lastKnownFileType = wrapper.framework; name = CoreGraphics.framework; path = System/Library/Frameworks/CoreGraphics.framework; sourceTree = SDKROOT; };
		24E38304192995BF00C71390 /* UIKit.framework */ = {isa = PBXFileReference; lastKnownFileType = wrapper.framework; name = UIKit.framework; path = System/Library/Frameworks/UIKit.framework; sourceTree = SDKROOT; };
		24E38308192995BF00C71390 /* CustomCells2-Info.plist */ = {isa = PBXFileReference; lastKnownFileType = text.plist.xml; path = "CustomCells2-Info.plist"; sourceTree = "<group>"; };
		24E3830A192995BF00C71390 /* en */ = {isa = PBXFileReference; lastKnownFileType = text.plist.strings; name = en; path = en.lproj/InfoPlist.strings; sourceTree = "<group>"; };
		24E3830C192995BF00C71390 /* main.m */ = {isa = PBXFileReference; lastKnownFileType = sourcecode.c.objc; path = main.m; sourceTree = "<group>"; };
		24E3830E192995BF00C71390 /* CustomCells2-Prefix.pch */ = {isa = PBXFileReference; lastKnownFileType = sourcecode.c.h; path = "CustomCells2-Prefix.pch"; sourceTree = "<group>"; };
		24E3830F192995BF00C71390 /* ALAppDelegate.h */ = {isa = PBXFileReference; lastKnownFileType = sourcecode.c.h; path = ALAppDelegate.h; sourceTree = "<group>"; };
		24E38310192995BF00C71390 /* ALAppDelegate.m */ = {isa = PBXFileReference; lastKnownFileType = sourcecode.c.objc; path = ALAppDelegate.m; sourceTree = "<group>"; };
		24E38312192995BF00C71390 /* Images.xcassets */ = {isa = PBXFileReference; lastKnownFileType = folder.assetcatalog; path = Images.xcassets; sourceTree = "<group>"; };
		24E38318192995BF00C71390 /* CustomCells2Tests.xctest */ = {isa = PBXFileReference; explicitFileType = wrapper.cfbundle; includeInIndex = 0; path = CustomCells2Tests.xctest; sourceTree = BUILT_PRODUCTS_DIR; };
		24E38319192995BF00C71390 /* XCTest.framework */ = {isa = PBXFileReference; lastKnownFileType = wrapper.framework; name = XCTest.framework; path = Library/Frameworks/XCTest.framework; sourceTree = DEVELOPER_DIR; };
		24E38321192995BF00C71390 /* CustomCells2Tests-Info.plist */ = {isa = PBXFileReference; lastKnownFileType = text.plist.xml; path = "CustomCells2Tests-Info.plist"; sourceTree = "<group>"; };
		24E38323192995BF00C71390 /* en */ = {isa = PBXFileReference; lastKnownFileType = text.plist.strings; name = en; path = en.lproj/InfoPlist.strings; sourceTree = "<group>"; };
		24E38325192995BF00C71390 /* CustomCells2Tests.m */ = {isa = PBXFileReference; lastKnownFileType = sourcecode.c.objc; path = CustomCells2Tests.m; sourceTree = "<group>"; };
		24E3832F192995CF00C71390 /* ALViewController.h */ = {isa = PBXFileReference; fileEncoding = 4; lastKnownFileType = sourcecode.c.h; name = ALViewController.h; path = ../ALViewController.h; sourceTree = "<group>"; };
		24E38330192995CF00C71390 /* ALViewController.m */ = {isa = PBXFileReference; fileEncoding = 4; lastKnownFileType = sourcecode.c.objc; name = ALViewController.m; path = ../ALViewController.m; sourceTree = "<group>"; };
		24E38331192995CF00C71390 /* ALViewController.xib */ = {isa = PBXFileReference; fileEncoding = 4; lastKnownFileType = file.xib; name = ALViewController.xib; path = ../ALViewController.xib; sourceTree = "<group>"; };
		24E383341929988400C71390 /* ALCustomCell.h */ = {isa = PBXFileReference; fileEncoding = 4; lastKnownFileType = sourcecode.c.h; path = ALCustomCell.h; sourceTree = "<group>"; };
		24E383351929988400C71390 /* ALCustomCell.m */ = {isa = PBXFileReference; fileEncoding = 4; lastKnownFileType = sourcecode.c.objc; path = ALCustomCell.m; sourceTree = "<group>"; };
		24E383361929988400C71390 /* ALCustomCell.xib */ = {isa = PBXFileReference; fileEncoding = 4; lastKnownFileType = file.xib; path = ALCustomCell.xib; sourceTree = "<group>"; };
		24E3833919299A2900C71390 /* image001.png */ = {isa = PBXFileReference; lastKnownFileType = image.png; name = image001.png; path = ../../../../Downloads/image001.png; sourceTree = "<group>"; };
		24E5004419299DBD0065BDFA /* corgiIcon.gif */ = {isa = PBXFileReference; lastKnownFileType = image.gif; path = corgiIcon.gif; sourceTree = "<group>"; };
		24E500461929A23D0065BDFA /* underwaterprincess.png */ = {isa = PBXFileReference; lastKnownFileType = image.png; path = underwaterprincess.png; sourceTree = "<group>"; };
		24E500481929A4AC0065BDFA /* oval-button_21328847.jpg */ = {isa = PBXFileReference; lastKnownFileType = image.jpeg; path = "oval-button_21328847.jpg"; sourceTree = "<group>"; };
		24E5008E192A7CE80065BDFA /* orangepaw.png */ = {isa = PBXFileReference; lastKnownFileType = image.png; path = orangepaw.png; sourceTree = "<group>"; };
		24E50090192A8C1B0065BDFA /* orangeBar.png */ = {isa = PBXFileReference; lastKnownFileType = image.png; path = orangeBar.png; sourceTree = "<group>"; };
		24E50092192A90620065BDFA /* selectedOrangeBar.png */ = {isa = PBXFileReference; lastKnownFileType = image.png; path = selectedOrangeBar.png; sourceTree = "<group>"; };
/* End PBXFileReference section */

/* Begin PBXFrameworksBuildPhase section */
		24E382FA192995BF00C71390 /* Frameworks */ = {
			isa = PBXFrameworksBuildPhase;
			buildActionMask = 2147483647;
			files = (
				24E38303192995BF00C71390 /* CoreGraphics.framework in Frameworks */,
				24E38305192995BF00C71390 /* UIKit.framework in Frameworks */,
				24E38301192995BF00C71390 /* Foundation.framework in Frameworks */,
			);
			runOnlyForDeploymentPostprocessing = 0;
		};
		24E38315192995BF00C71390 /* Frameworks */ = {
			isa = PBXFrameworksBuildPhase;
			buildActionMask = 2147483647;
			files = (
				24E3831A192995BF00C71390 /* XCTest.framework in Frameworks */,
				24E3831C192995BF00C71390 /* UIKit.framework in Frameworks */,
				24E3831B192995BF00C71390 /* Foundation.framework in Frameworks */,
			);
			runOnlyForDeploymentPostprocessing = 0;
		};
/* End PBXFrameworksBuildPhase section */

/* Begin PBXGroup section */
		24E382F4192995BF00C71390 = {
			isa = PBXGroup;
			children = (
				24E38306192995BF00C71390 /* CustomCells2 */,
				24E3831F192995BF00C71390 /* CustomCells2Tests */,
				24E382FF192995BF00C71390 /* Frameworks */,
				24E382FE192995BF00C71390 /* Products */,
			);
			sourceTree = "<group>";
		};
		24E382FE192995BF00C71390 /* Products */ = {
			isa = PBXGroup;
			children = (
				24E382FD192995BF00C71390 /* CustomCells2.app */,
				24E38318192995BF00C71390 /* CustomCells2Tests.xctest */,
			);
			name = Products;
			sourceTree = "<group>";
		};
		24E382FF192995BF00C71390 /* Frameworks */ = {
			isa = PBXGroup;
			children = (
				24E38300192995BF00C71390 /* Foundation.framework */,
				24E38302192995BF00C71390 /* CoreGraphics.framework */,
				24E38304192995BF00C71390 /* UIKit.framework */,
				24E38319192995BF00C71390 /* XCTest.framework */,
			);
			name = Frameworks;
			sourceTree = "<group>";
		};
		24E38306192995BF00C71390 /* CustomCells2 */ = {
			isa = PBXGroup;
			children = (
				24E3832F192995CF00C71390 /* ALViewController.h */,
				24E38330192995CF00C71390 /* ALViewController.m */,
				24E50092192A90620065BDFA /* selectedOrangeBar.png */,
				24E38331192995CF00C71390 /* ALViewController.xib */,
				24E50090192A8C1B0065BDFA /* orangeBar.png */,
				24E3830F192995BF00C71390 /* ALAppDelegate.h */,
				24E38310192995BF00C71390 /* ALAppDelegate.m */,
				24E383341929988400C71390 /* ALCustomCell.h */,
				24E383351929988400C71390 /* ALCustomCell.m */,
				24E383361929988400C71390 /* ALCustomCell.xib */,
				24E3833919299A2900C71390 /* image001.png */,
				24E5004419299DBD0065BDFA /* corgiIcon.gif */,
				24E500481929A4AC0065BDFA /* oval-button_21328847.jpg */,
				24E500461929A23D0065BDFA /* underwaterprincess.png */,
				24E5008E192A7CE80065BDFA /* orangepaw.png */,
				24E38312192995BF00C71390 /* Images.xcassets */,
				24E38307192995BF00C71390 /* Supporting Files */,
			);
			path = CustomCells2;
			sourceTree = "<group>";
		};
		24E38307192995BF00C71390 /* Supporting Files */ = {
			isa = PBXGroup;
			children = (
				24E38308192995BF00C71390 /* CustomCells2-Info.plist */,
				24E38309192995BF00C71390 /* InfoPlist.strings */,
				24E3830C192995BF00C71390 /* main.m */,
				24E3830E192995BF00C71390 /* CustomCells2-Prefix.pch */,
			);
			name = "Supporting Files";
			sourceTree = "<group>";
		};
		24E3831F192995BF00C71390 /* CustomCells2Tests */ = {
			isa = PBXGroup;
			children = (
				24E38325192995BF00C71390 /* CustomCells2Tests.m */,
				24E38320192995BF00C71390 /* Supporting Files */,
			);
			path = CustomCells2Tests;
			sourceTree = "<group>";
		};
		24E38320192995BF00C71390 /* Supporting Files */ = {
			isa = PBXGroup;
			children = (
				24E38321192995BF00C71390 /* CustomCells2Tests-Info.plist */,
				24E38322192995BF00C71390 /* InfoPlist.strings */,
			);
			name = "Supporting Files";
			sourceTree = "<group>";
		};
/* End PBXGroup section */

/* Begin PBXNativeTarget section */
		24E382FC192995BF00C71390 /* CustomCells2 */ = {
			isa = PBXNativeTarget;
			buildConfigurationList = 24E38329192995BF00C71390 /* Build configuration list for PBXNativeTarget "CustomCells2" */;
			buildPhases = (
				24E382F9192995BF00C71390 /* Sources */,
				24E382FA192995BF00C71390 /* Frameworks */,
				24E382FB192995BF00C71390 /* Resources */,
			);
			buildRules = (
			);
			dependencies = (
			);
			name = CustomCells2;
			productName = CustomCells2;
			productReference = 24E382FD192995BF00C71390 /* CustomCells2.app */;
			productType = "com.apple.product-type.application";
		};
		24E38317192995BF00C71390 /* CustomCells2Tests */ = {
			isa = PBXNativeTarget;
			buildConfigurationList = 24E3832C192995BF00C71390 /* Build configuration list for PBXNativeTarget "CustomCells2Tests" */;
			buildPhases = (
				24E38314192995BF00C71390 /* Sources */,
				24E38315192995BF00C71390 /* Frameworks */,
				24E38316192995BF00C71390 /* Resources */,
			);
			buildRules = (
			);
			dependencies = (
				24E3831E192995BF00C71390 /* PBXTargetDependency */,
			);
			name = CustomCells2Tests;
			productName = CustomCells2Tests;
			productReference = 24E38318192995BF00C71390 /* CustomCells2Tests.xctest */;
			productType = "com.apple.product-type.bundle.unit-test";
		};
/* End PBXNativeTarget section */

/* Begin PBXProject section */
		24E382F5192995BF00C71390 /* Project object */ = {
			isa = PBXProject;
			attributes = {
				CLASSPREFIX = AL;
				LastUpgradeCheck = 0510;
				ORGANIZATIONNAME = DetroitLabsUser;
				TargetAttributes = {
					24E38317192995BF00C71390 = {
						TestTargetID = 24E382FC192995BF00C71390;
					};
				};
			};
			buildConfigurationList = 24E382F8192995BF00C71390 /* Build configuration list for PBXProject "CustomCells2" */;
			compatibilityVersion = "Xcode 3.2";
			developmentRegion = English;
			hasScannedForEncodings = 0;
			knownRegions = (
				en,
			);
			mainGroup = 24E382F4192995BF00C71390;
			productRefGroup = 24E382FE192995BF00C71390 /* Products */;
			projectDirPath = "";
			projectRoot = "";
			targets = (
				24E382FC192995BF00C71390 /* CustomCells2 */,
				24E38317192995BF00C71390 /* CustomCells2Tests */,
			);
		};
/* End PBXProject section */

/* Begin PBXResourcesBuildPhase section */
		24E382FB192995BF00C71390 /* Resources */ = {
			isa = PBXResourcesBuildPhase;
			buildActionMask = 2147483647;
			files = (
				24E5004519299DBD0065BDFA /* corgiIcon.gif in Resources */,
				24E3830B192995BF00C71390 /* InfoPlist.strings in Resources */,
				24E500471929A23D0065BDFA /* underwaterprincess.png in Resources */,
				24E383381929988400C71390 /* ALCustomCell.xib in Resources */,
				24E500491929A4AC0065BDFA /* oval-button_21328847.jpg in Resources */,
				24E3833A19299A2900C71390 /* image001.png in Resources */,
				24E38313192995BF00C71390 /* Images.xcassets in Resources */,
				24E50091192A8C1B0065BDFA /* orangeBar.png in Resources */,
				24E5008F192A7CE80065BDFA /* orangepaw.png in Resources */,
				24E38333192995CF00C71390 /* ALViewController.xib in Resources */,
				24E50093192A90620065BDFA /* selectedOrangeBar.png in Resources */,
			);
			runOnlyForDeploymentPostprocessing = 0;
		};
		24E38316192995BF00C71390 /* Resources */ = {
			isa = PBXResourcesBuildPhase;
			buildActionMask = 2147483647;
			files = (
				24E38324192995BF00C71390 /* InfoPlist.strings in Resources */,
			);
			runOnlyForDeploymentPostprocessing = 0;
		};
/* End PBXResourcesBuildPhase section */

/* Begin PBXSourcesBuildPhase section */
		24E382F9192995BF00C71390 /* Sources */ = {
			isa = PBXSourcesBuildPhase;
			buildActionMask = 2147483647;
			files = (
				24E3830D192995BF00C71390 /* main.m in Sources */,
				24E383371929988400C71390 /* ALCustomCell.m in Sources */,
				24E38332192995CF00C71390 /* ALViewController.m in Sources */,
				24E38311192995BF00C71390 /* ALAppDelegate.m in Sources */,
			);
			runOnlyForDeploymentPostprocessing = 0;
		};
		24E38314192995BF00C71390 /* Sources */ = {
			isa = PBXSourcesBuildPhase;
			buildActionMask = 2147483647;
			files = (
				24E38326192995BF00C71390 /* CustomCells2Tests.m in Sources */,
			);
			runOnlyForDeploymentPostprocessing = 0;
		};
/* End PBXSourcesBuildPhase section */

/* Begin PBXTargetDependency section */
		24E3831E192995BF00C71390 /* PBXTargetDependency */ = {
			isa = PBXTargetDependency;
			target = 24E382FC192995BF00C71390 /* CustomCells2 */;
			targetProxy = 24E3831D192995BF00C71390 /* PBXContainerItemProxy */;
		};
/* End PBXTargetDependency section */

/* Begin PBXVariantGroup section */
		24E38309192995BF00C71390 /* InfoPlist.strings */ = {
			isa = PBXVariantGroup;
			children = (
				24E3830A192995BF00C71390 /* en */,
			);
			name = InfoPlist.strings;
			sourceTree = "<group>";
		};
		24E38322192995BF00C71390 /* InfoPlist.strings */ = {
			isa = PBXVariantGroup;
			children = (
				24E38323192995BF00C71390 /* en */,
			);
			name = InfoPlist.strings;
			sourceTree = "<group>";
		};
/* End PBXVariantGroup section */

/* Begin XCBuildConfiguration section */
		24E38327192995BF00C71390 /* Debug */ = {
			isa = XCBuildConfiguration;
			buildSettings = {
				ALWAYS_SEARCH_USER_PATHS = NO;
				CLANG_CXX_LANGUAGE_STANDARD = "gnu++0x";
				CLANG_CXX_LIBRARY = "libc++";
				CLANG_ENABLE_MODULES = YES;
				CLANG_ENABLE_OBJC_ARC = YES;
				CLANG_WARN_BOOL_CONVERSION = YES;
				CLANG_WARN_CONSTANT_CONVERSION = YES;
				CLANG_WARN_DIRECT_OBJC_ISA_USAGE = YES_ERROR;
				CLANG_WARN_EMPTY_BODY = YES;
				CLANG_WARN_ENUM_CONVERSION = YES;
				CLANG_WARN_INT_CONVERSION = YES;
				CLANG_WARN_OBJC_ROOT_CLASS = YES_ERROR;
				CLANG_WARN__DUPLICATE_METHOD_MATCH = YES;
				"CODE_SIGN_IDENTITY[sdk=iphoneos*]" = "iPhone Developer";
				COPY_PHASE_STRIP = NO;
				GCC_C_LANGUAGE_STANDARD = gnu99;
				GCC_DYNAMIC_NO_PIC = NO;
				GCC_OPTIMIZATION_LEVEL = 0;
				GCC_PREPROCESSOR_DEFINITIONS = (
					"DEBUG=1",
					"$(inherited)",
				);
				GCC_SYMBOLS_PRIVATE_EXTERN = NO;
				GCC_WARN_64_TO_32_BIT_CONVERSION = YES;
				GCC_WARN_ABOUT_RETURN_TYPE = YES_ERROR;
				GCC_WARN_UNDECLARED_SELECTOR = YES;
				GCC_WARN_UNINITIALIZED_AUTOS = YES_AGGRESSIVE;
				GCC_WARN_UNUSED_FUNCTION = YES;
				GCC_WARN_UNUSED_VARIABLE = YES;
				IPHONEOS_DEPLOYMENT_TARGET = 7.1;
				ONLY_ACTIVE_ARCH = YES;
				SDKROOT = iphoneos;
			};
			name = Debug;
		};
		24E38328192995BF00C71390 /* Release */ = {
			isa = XCBuildConfiguration;
			buildSettings = {
				ALWAYS_SEARCH_USER_PATHS = NO;
				CLANG_CXX_LANGUAGE_STANDARD = "gnu++0x";
				CLANG_CXX_LIBRARY = "libc++";
				CLANG_ENABLE_MODULES = YES;
				CLANG_ENABLE_OBJC_ARC = YES;
				CLANG_WARN_BOOL_CONVERSION = YES;
				CLANG_WARN_CONSTANT_CONVERSION = YES;
				CLANG_WARN_DIRECT_OBJC_ISA_USAGE = YES_ERROR;
				CLANG_WARN_EMPTY_BODY = YES;
				CLANG_WARN_ENUM_CONVERSION = YES;
				CLANG_WARN_INT_CONVERSION = YES;
				CLANG_WARN_OBJC_ROOT_CLASS = YES_ERROR;
				CLANG_WARN__DUPLICATE_METHOD_MATCH = YES;
				"CODE_SIGN_IDENTITY[sdk=iphoneos*]" = "iPhone Developer";
				COPY_PHASE_STRIP = YES;
				ENABLE_NS_ASSERTIONS = NO;
				GCC_C_LANGUAGE_STANDARD = gnu99;
				GCC_WARN_64_TO_32_BIT_CONVERSION = YES;
				GCC_WARN_ABOUT_RETURN_TYPE = YES_ERROR;
				GCC_WARN_UNDECLARED_SELECTOR = YES;
				GCC_WARN_UNINITIALIZED_AUTOS = YES_AGGRESSIVE;
				GCC_WARN_UNUSED_FUNCTION = YES;
				GCC_WARN_UNUSED_VARIABLE = YES;
				IPHONEOS_DEPLOYMENT_TARGET = 7.1;
				SDKROOT = iphoneos;
				VALIDATE_PRODUCT = YES;
			};
			name = Release;
		};
		24E3832A192995BF00C71390 /* Debug */ = {
			isa = XCBuildConfiguration;
			buildSettings = {
				ASSETCATALOG_COMPILER_APPICON_NAME = AppIcon;
				ASSETCATALOG_COMPILER_LAUNCHIMAGE_NAME = LaunchImage;
				GCC_PRECOMPILE_PREFIX_HEADER = YES;
				GCC_PREFIX_HEADER = "CustomCells2/CustomCells2-Prefix.pch";
				INFOPLIST_FILE = "CustomCells2/CustomCells2-Info.plist";
				PRODUCT_NAME = "$(TARGET_NAME)";
				WRAPPER_EXTENSION = app;
			};
			name = Debug;
		};
		24E3832B192995BF00C71390 /* Release */ = {
			isa = XCBuildConfiguration;
			buildSettings = {
				ASSETCATALOG_COMPILER_APPICON_NAME = AppIcon;
				ASSETCATALOG_COMPILER_LAUNCHIMAGE_NAME = LaunchImage;
				GCC_PRECOMPILE_PREFIX_HEADER = YES;
				GCC_PREFIX_HEADER = "CustomCells2/CustomCells2-Prefix.pch";
				INFOPLIST_FILE = "CustomCells2/CustomCells2-Info.plist";
				PRODUCT_NAME = "$(TARGET_NAME)";
				WRAPPER_EXTENSION = app;
			};
			name = Release;
		};
		24E3832D192995BF00C71390 /* Debug */ = {
			isa = XCBuildConfiguration;
			buildSettings = {
				BUNDLE_LOADER = "$(BUILT_PRODUCTS_DIR)/CustomCells2.app/CustomCells2";
				FRAMEWORK_SEARCH_PATHS = (
					"$(SDKROOT)/Developer/Library/Frameworks",
					"$(inherited)",
					"$(DEVELOPER_FRAMEWORKS_DIR)",
				);
				GCC_PRECOMPILE_PREFIX_HEADER = YES;
				GCC_PREFIX_HEADER = "CustomCells2/CustomCells2-Prefix.pch";
				GCC_PREPROCESSOR_DEFINITIONS = (
					"DEBUG=1",
					"$(inherited)",
				);
				INFOPLIST_FILE = "CustomCells2Tests/CustomCells2Tests-Info.plist";
				PRODUCT_NAME = "$(TARGET_NAME)";
				TEST_HOST = "$(BUNDLE_LOADER)";
				WRAPPER_EXTENSION = xctest;
			};
			name = Debug;
		};
		24E3832E192995BF00C71390 /* Release */ = {
			isa = XCBuildConfiguration;
			buildSettings = {
				BUNDLE_LOADER = "$(BUILT_PRODUCTS_DIR)/CustomCells2.app/CustomCells2";
				FRAMEWORK_SEARCH_PATHS = (
					"$(SDKROOT)/Developer/Library/Frameworks",
					"$(inherited)",
					"$(DEVELOPER_FRAMEWORKS_DIR)",
				);
				GCC_PRECOMPILE_PREFIX_HEADER = YES;
				GCC_PREFIX_HEADER = "CustomCells2/CustomCells2-Prefix.pch";
				INFOPLIST_FILE = "CustomCells2Tests/CustomCells2Tests-Info.plist";
				PRODUCT_NAME = "$(TARGET_NAME)";
				TEST_HOST = "$(BUNDLE_LOADER)";
				WRAPPER_EXTENSION = xctest;
			};
			name = Release;
		};
/* End XCBuildConfiguration section */

/* Begin XCConfigurationList section */
		24E382F8192995BF00C71390 /* Build configuration list for PBXProject "CustomCells2" */ = {
			isa = XCConfigurationList;
			buildConfigurations = (
				24E38327192995BF00C71390 /* Debug */,
				24E38328192995BF00C71390 /* Release */,
			);
			defaultConfigurationIsVisible = 0;
			defaultConfigurationName = Release;
		};
		24E38329192995BF00C71390 /* Build configuration list for PBXNativeTarget "CustomCells2" */ = {
			isa = XCConfigurationList;
			buildConfigurations = (
				24E3832A192995BF00C71390 /* Debug */,
				24E3832B192995BF00C71390 /* Release */,
			);
			defaultConfigurationIsVisible = 0;
			defaultConfigurationName = Release;
		};
		24E3832C192995BF00C71390 /* Build configuration list for PBXNativeTarget "CustomCells2Tests" */ = {
			isa = XCConfigurationList;
			buildConfigurations = (
				24E3832D192995BF00C71390 /* Debug */,
				24E3832E192995BF00C71390 /* Release */,
			);
			defaultConfigurationIsVisible = 0;
			defaultConfigurationName = Release;
		};
/* End XCConfigurationList section */
	};
	rootObject = 24E382F5192995BF00C71390 /* Project object */;
}
